
Microsoft Visual Studio Solution File, Format Version 12.00
# Visual Studio Version 17
VisualStudioVersion = 17.11.35222.181
MinimumVisualStudioVersion = 10.0.40219.1
Project("{FAE04EC0-301F-11D3-BF4B-00C04F79EFBC}") = "lab07", "lab07\lab07.csproj", "{FFC562BA-97D0-46B0-9EFA-22A662499138}"
EndProject
Global
	GlobalSection(SolutionConfigurationPlatforms) = preSolution
		Debug|Any CPU = Debug|Any CPU
		Release|Any CPU = Release|Any CPU
	EndGlobalSection
	GlobalSection(ProjectConfigurationPlatforms) = postSolution
		{FFC562BA-97D0-46B0-9EFA-22A662499138}.Debug|Any CPU.ActiveCfg = Debug|Any CPU
		{FFC562BA-97D0-46B0-9EFA-22A662499138}.Debug|Any CPU.Build.0 = Debug|Any CPU
		{FFC562BA-97D0-46B0-9EFA-22A662499138}.Release|Any CPU.ActiveCfg = Release|Any CPU
		{FFC562BA-97D0-46B0-9EFA-22A662499138}.Release|Any CPU.Build.0 = Release|Any CPU
	EndGlobalSection
	GlobalSection(SolutionProperties) = preSolution
		HideSolutionNode = FALSE
	EndGlobalSection
	GlobalSection(ExtensibilityGlobals) = postSolution
		SolutionGuid = {7EAA5699-A147-4747-8AEE-64FE38387166}
	EndGlobalSection
EndGlobal
